// !$*UTF8*$!
{
	archiveVersion = 1;
	classes = {
	};
	objectVersion = 46;
	objects = {

/* Begin PBXBuildFile section */
		3278FD4F4880FAB3A73E3957 /* libPods-DormRoom.a in Frameworks */ = {isa = PBXBuildFile; fileRef = F2451B51057A263F932FCF4E /* libPods-DormRoom.a */; };
		A32EC6491C0DF71B0004D8C7 /* SignUpRootController.swift in Sources */ = {isa = PBXBuildFile; fileRef = A32EC6481C0DF71B0004D8C7 /* SignUpRootController.swift */; };
		A32EC64B1C0DF7650004D8C7 /* ChooseUniViewController.swift in Sources */ = {isa = PBXBuildFile; fileRef = A32EC64A1C0DF7650004D8C7 /* ChooseUniViewController.swift */; };
		A32EC64D1C0DF7AC0004D8C7 /* SignUpViewController.swift in Sources */ = {isa = PBXBuildFile; fileRef = A32EC64C1C0DF7AC0004D8C7 /* SignUpViewController.swift */; };
		A32EC64F1C0DF95F0004D8C7 /* LogInViewController.swift in Sources */ = {isa = PBXBuildFile; fileRef = A32EC64E1C0DF95F0004D8C7 /* LogInViewController.swift */; };
		A32EC6511C0E56980004D8C7 /* MainRootViewController.swift in Sources */ = {isa = PBXBuildFile; fileRef = A32EC6501C0E56980004D8C7 /* MainRootViewController.swift */; };
		A32EC6531C0E57550004D8C7 /* MenuViewController.swift in Sources */ = {isa = PBXBuildFile; fileRef = A32EC6521C0E57550004D8C7 /* MenuViewController.swift */; };
		A32EC6551C0E57620004D8C7 /* TakePuffViewController.swift in Sources */ = {isa = PBXBuildFile; fileRef = A32EC6541C0E57620004D8C7 /* TakePuffViewController.swift */; };
		A32EC6571C0E576D0004D8C7 /* ChangeUniViewController.swift in Sources */ = {isa = PBXBuildFile; fileRef = A32EC6561C0E576D0004D8C7 /* ChangeUniViewController.swift */; };
		A32EC6591C0E577F0004D8C7 /* MainPuffViewController.swift in Sources */ = {isa = PBXBuildFile; fileRef = A32EC6581C0E577F0004D8C7 /* MainPuffViewController.swift */; };
		A32EC65B1C0E6A610004D8C7 /* PuffTableViewCell.swift in Sources */ = {isa = PBXBuildFile; fileRef = A32EC65A1C0E6A610004D8C7 /* PuffTableViewCell.swift */; };
		A32EC65D1C0EA0DD0004D8C7 /* ChooseFeedCell.swift in Sources */ = {isa = PBXBuildFile; fileRef = A32EC65C1C0EA0DD0004D8C7 /* ChooseFeedCell.swift */; };
		A32EC69C1C0F4B300004D8C7 /* UniView.swift in Sources */ = {isa = PBXBuildFile; fileRef = A32EC69B1C0F4B300004D8C7 /* UniView.swift */; };
		A32EC69E1C0F72B20004D8C7 /* SwipeView.swift in Sources */ = {isa = PBXBuildFile; fileRef = A32EC69D1C0F72B20004D8C7 /* SwipeView.swift */; };
		A32EC6A01C0F80C30004D8C7 /* ChangeUniCell.swift in Sources */ = {isa = PBXBuildFile; fileRef = A32EC69F1C0F80C30004D8C7 /* ChangeUniCell.swift */; };
		A36475571C0BBAB000AC96CA /* TextFields.swift in Sources */ = {isa = PBXBuildFile; fileRef = A36475561C0BBAB000AC96CA /* TextFields.swift */; };
		A39CBE521C0CE87700D59434 /* RoundedImage.swift in Sources */ = {isa = PBXBuildFile; fileRef = A39CBE511C0CE87600D59434 /* RoundedImage.swift */; };
		A39CBE561C0CECF800D59434 /* BlackButton.swift in Sources */ = {isa = PBXBuildFile; fileRef = A39CBE551C0CECF800D59434 /* BlackButton.swift */; };
		A39CBE581C0CED5400D59434 /* WhiteButton.swift in Sources */ = {isa = PBXBuildFile; fileRef = A39CBE571C0CED5400D59434 /* WhiteButton.swift */; };
		A39CBE5A1C0CF54200D59434 /* ChooseUniCellTableViewCell.swift in Sources */ = {isa = PBXBuildFile; fileRef = A39CBE591C0CF54200D59434 /* ChooseUniCellTableViewCell.swift */; };
		A39CBE5C1C0CFBFF00D59434 /* CoreLocation.framework in Frameworks */ = {isa = PBXBuildFile; fileRef = A39CBE5B1C0CFBFF00D59434 /* CoreLocation.framework */; };
		A39CBE611C0D15D200D59434 /* BridgingHeader.m in Sources */ = {isa = PBXBuildFile; fileRef = A39CBE601C0D15D200D59434 /* BridgingHeader.m */; };
		A39CBE681C0D228C00D59434 /* ImageViewExtension.swift in Sources */ = {isa = PBXBuildFile; fileRef = A39CBE671C0D228C00D59434 /* ImageViewExtension.swift */; };
		A3F3097A1C0BB32A002DEADF /* AppDelegate.swift in Sources */ = {isa = PBXBuildFile; fileRef = A3F309791C0BB32A002DEADF /* AppDelegate.swift */; };
		A3F3097F1C0BB32A002DEADF /* Main.storyboard in Resources */ = {isa = PBXBuildFile; fileRef = A3F3097D1C0BB32A002DEADF /* Main.storyboard */; };
		A3F309811C0BB32A002DEADF /* Assets.xcassets in Resources */ = {isa = PBXBuildFile; fileRef = A3F309801C0BB32A002DEADF /* Assets.xcassets */; };
		A3F309841C0BB32A002DEADF /* LaunchScreen.storyboard in Resources */ = {isa = PBXBuildFile; fileRef = A3F309821C0BB32A002DEADF /* LaunchScreen.storyboard */; };
		A3F3098F1C0BB32A002DEADF /* DormRoomTests.swift in Sources */ = {isa = PBXBuildFile; fileRef = A3F3098E1C0BB32A002DEADF /* DormRoomTests.swift */; };
		A3F3099A1C0BB32A002DEADF /* DormRoomUITests.swift in Sources */ = {isa = PBXBuildFile; fileRef = A3F309991C0BB32A002DEADF /* DormRoomUITests.swift */; };
/* End PBXBuildFile section */

/* Begin PBXContainerItemProxy section */
		A3F3098B1C0BB32A002DEADF /* PBXContainerItemProxy */ = {
			isa = PBXContainerItemProxy;
			containerPortal = A3F3096E1C0BB32A002DEADF /* Project object */;
			proxyType = 1;
			remoteGlobalIDString = A3F309751C0BB32A002DEADF;
			remoteInfo = DormRoom;
		};
		A3F309961C0BB32A002DEADF /* PBXContainerItemProxy */ = {
			isa = PBXContainerItemProxy;
			containerPortal = A3F3096E1C0BB32A002DEADF /* Project object */;
			proxyType = 1;
			remoteGlobalIDString = A3F309751C0BB32A002DEADF;
			remoteInfo = DormRoom;
		};
/* End PBXContainerItemProxy section */

/* Begin PBXFileReference section */
		467D6FD297E4D0CB4EB63789 /* Pods-DormRoom.release.xcconfig */ = {isa = PBXFileReference; includeInIndex = 1; lastKnownFileType = text.xcconfig; name = "Pods-DormRoom.release.xcconfig"; path = "Pods/Target Support Files/Pods-DormRoom/Pods-DormRoom.release.xcconfig"; sourceTree = "<group>"; };
		A32EC6481C0DF71B0004D8C7 /* SignUpRootController.swift */ = {isa = PBXFileReference; fileEncoding = 4; lastKnownFileType = sourcecode.swift; path = SignUpRootController.swift; sourceTree = "<group>"; };
		A32EC64A1C0DF7650004D8C7 /* ChooseUniViewController.swift */ = {isa = PBXFileReference; fileEncoding = 4; lastKnownFileType = sourcecode.swift; path = ChooseUniViewController.swift; sourceTree = "<group>"; };
		A32EC64C1C0DF7AC0004D8C7 /* SignUpViewController.swift */ = {isa = PBXFileReference; fileEncoding = 4; lastKnownFileType = sourcecode.swift; path = SignUpViewController.swift; sourceTree = "<group>"; };
		A32EC64E1C0DF95F0004D8C7 /* LogInViewController.swift */ = {isa = PBXFileReference; fileEncoding = 4; lastKnownFileType = sourcecode.swift; path = LogInViewController.swift; sourceTree = "<group>"; };
		A32EC6501C0E56980004D8C7 /* MainRootViewController.swift */ = {isa = PBXFileReference; fileEncoding = 4; lastKnownFileType = sourcecode.swift; path = MainRootViewController.swift; sourceTree = "<group>"; };
		A32EC6521C0E57550004D8C7 /* MenuViewController.swift */ = {isa = PBXFileReference; fileEncoding = 4; lastKnownFileType = sourcecode.swift; path = MenuViewController.swift; sourceTree = "<group>"; };
		A32EC6541C0E57620004D8C7 /* TakePuffViewController.swift */ = {isa = PBXFileReference; fileEncoding = 4; lastKnownFileType = sourcecode.swift; path = TakePuffViewController.swift; sourceTree = "<group>"; };
		A32EC6561C0E576D0004D8C7 /* ChangeUniViewController.swift */ = {isa = PBXFileReference; fileEncoding = 4; lastKnownFileType = sourcecode.swift; path = ChangeUniViewController.swift; sourceTree = "<group>"; };
		A32EC6581C0E577F0004D8C7 /* MainPuffViewController.swift */ = {isa = PBXFileReference; fileEncoding = 4; lastKnownFileType = sourcecode.swift; path = MainPuffViewController.swift; sourceTree = "<group>"; };
		A32EC65A1C0E6A610004D8C7 /* PuffTableViewCell.swift */ = {isa = PBXFileReference; fileEncoding = 4; lastKnownFileType = sourcecode.swift; path = PuffTableViewCell.swift; sourceTree = "<group>"; };
		A32EC65C1C0EA0DD0004D8C7 /* ChooseFeedCell.swift */ = {isa = PBXFileReference; fileEncoding = 4; lastKnownFileType = sourcecode.swift; path = ChooseFeedCell.swift; sourceTree = "<group>"; };
		A32EC69B1C0F4B300004D8C7 /* UniView.swift */ = {isa = PBXFileReference; fileEncoding = 4; lastKnownFileType = sourcecode.swift; path = UniView.swift; sourceTree = "<group>"; };
		A32EC69D1C0F72B20004D8C7 /* SwipeView.swift */ = {isa = PBXFileReference; fileEncoding = 4; lastKnownFileType = sourcecode.swift; path = SwipeView.swift; sourceTree = "<group>"; };
		A32EC69F1C0F80C30004D8C7 /* ChangeUniCell.swift */ = {isa = PBXFileReference; fileEncoding = 4; lastKnownFileType = sourcecode.swift; path = ChangeUniCell.swift; sourceTree = "<group>"; };
		A36475561C0BBAB000AC96CA /* TextFields.swift */ = {isa = PBXFileReference; fileEncoding = 4; lastKnownFileType = sourcecode.swift; path = TextFields.swift; sourceTree = "<group>"; };
		A39CBE511C0CE87600D59434 /* RoundedImage.swift */ = {isa = PBXFileReference; fileEncoding = 4; lastKnownFileType = sourcecode.swift; path = RoundedImage.swift; sourceTree = "<group>"; };
		A39CBE551C0CECF800D59434 /* BlackButton.swift */ = {isa = PBXFileReference; fileEncoding = 4; lastKnownFileType = sourcecode.swift; path = BlackButton.swift; sourceTree = "<group>"; };
		A39CBE571C0CED5400D59434 /* WhiteButton.swift */ = {isa = PBXFileReference; fileEncoding = 4; lastKnownFileType = sourcecode.swift; path = WhiteButton.swift; sourceTree = "<group>"; };
		A39CBE591C0CF54200D59434 /* ChooseUniCellTableViewCell.swift */ = {isa = PBXFileReference; fileEncoding = 4; lastKnownFileType = sourcecode.swift; path = ChooseUniCellTableViewCell.swift; sourceTree = "<group>"; };
		A39CBE5B1C0CFBFF00D59434 /* CoreLocation.framework */ = {isa = PBXFileReference; lastKnownFileType = wrapper.framework; name = CoreLocation.framework; path = System/Library/Frameworks/CoreLocation.framework; sourceTree = SDKROOT; };
		A39CBE5F1C0D15D200D59434 /* DormRoom-Bridging-Header.h */ = {isa = PBXFileReference; lastKnownFileType = sourcecode.c.h; path = "DormRoom-Bridging-Header.h"; sourceTree = "<group>"; };
		A39CBE601C0D15D200D59434 /* BridgingHeader.m */ = {isa = PBXFileReference; fileEncoding = 4; lastKnownFileType = sourcecode.c.objc; path = BridgingHeader.m; sourceTree = "<group>"; };
		A39CBE671C0D228C00D59434 /* ImageViewExtension.swift */ = {isa = PBXFileReference; fileEncoding = 4; lastKnownFileType = sourcecode.swift; path = ImageViewExtension.swift; sourceTree = "<group>"; };
		A3F309761C0BB32A002DEADF /* DormRoom.app */ = {isa = PBXFileReference; explicitFileType = wrapper.application; includeInIndex = 0; path = DormRoom.app; sourceTree = BUILT_PRODUCTS_DIR; };
		A3F309791C0BB32A002DEADF /* AppDelegate.swift */ = {isa = PBXFileReference; lastKnownFileType = sourcecode.swift; path = AppDelegate.swift; sourceTree = "<group>"; };
		A3F3097E1C0BB32A002DEADF /* Base */ = {isa = PBXFileReference; lastKnownFileType = file.storyboard; name = Base; path = Base.lproj/Main.storyboard; sourceTree = "<group>"; };
		A3F309801C0BB32A002DEADF /* Assets.xcassets */ = {isa = PBXFileReference; lastKnownFileType = folder.assetcatalog; path = Assets.xcassets; sourceTree = "<group>"; };
		A3F309831C0BB32A002DEADF /* Base */ = {isa = PBXFileReference; lastKnownFileType = file.storyboard; name = Base; path = Base.lproj/LaunchScreen.storyboard; sourceTree = "<group>"; };
		A3F309851C0BB32A002DEADF /* Info.plist */ = {isa = PBXFileReference; lastKnownFileType = text.plist.xml; path = Info.plist; sourceTree = "<group>"; };
		A3F3098A1C0BB32A002DEADF /* DormRoomTests.xctest */ = {isa = PBXFileReference; explicitFileType = wrapper.cfbundle; includeInIndex = 0; path = DormRoomTests.xctest; sourceTree = BUILT_PRODUCTS_DIR; };
		A3F3098E1C0BB32A002DEADF /* DormRoomTests.swift */ = {isa = PBXFileReference; lastKnownFileType = sourcecode.swift; path = DormRoomTests.swift; sourceTree = "<group>"; };
		A3F309901C0BB32A002DEADF /* Info.plist */ = {isa = PBXFileReference; lastKnownFileType = text.plist.xml; path = Info.plist; sourceTree = "<group>"; };
		A3F309951C0BB32A002DEADF /* DormRoomUITests.xctest */ = {isa = PBXFileReference; explicitFileType = wrapper.cfbundle; includeInIndex = 0; path = DormRoomUITests.xctest; sourceTree = BUILT_PRODUCTS_DIR; };
		A3F309991C0BB32A002DEADF /* DormRoomUITests.swift */ = {isa = PBXFileReference; lastKnownFileType = sourcecode.swift; path = DormRoomUITests.swift; sourceTree = "<group>"; };
		A3F3099B1C0BB32A002DEADF /* Info.plist */ = {isa = PBXFileReference; lastKnownFileType = text.plist.xml; path = Info.plist; sourceTree = "<group>"; };
		D7A798F36447F0377FEE4814 /* Pods-DormRoom.debug.xcconfig */ = {isa = PBXFileReference; includeInIndex = 1; lastKnownFileType = text.xcconfig; name = "Pods-DormRoom.debug.xcconfig"; path = "Pods/Target Support Files/Pods-DormRoom/Pods-DormRoom.debug.xcconfig"; sourceTree = "<group>"; };
		F2451B51057A263F932FCF4E /* libPods-DormRoom.a */ = {isa = PBXFileReference; explicitFileType = archive.ar; includeInIndex = 0; path = "libPods-DormRoom.a"; sourceTree = BUILT_PRODUCTS_DIR; };
/* End PBXFileReference section */

/* Begin PBXFrameworksBuildPhase section */
		A3F309731C0BB32A002DEADF /* Frameworks */ = {
			isa = PBXFrameworksBuildPhase;
			buildActionMask = 2147483647;
			files = (
				A39CBE5C1C0CFBFF00D59434 /* CoreLocation.framework in Frameworks */,
				3278FD4F4880FAB3A73E3957 /* libPods-DormRoom.a in Frameworks */,
			);
			runOnlyForDeploymentPostprocessing = 0;
		};
		A3F309871C0BB32A002DEADF /* Frameworks */ = {
			isa = PBXFrameworksBuildPhase;
			buildActionMask = 2147483647;
			files = (
			);
			runOnlyForDeploymentPostprocessing = 0;
		};
		A3F309921C0BB32A002DEADF /* Frameworks */ = {
			isa = PBXFrameworksBuildPhase;
			buildActionMask = 2147483647;
			files = (
			);
			runOnlyForDeploymentPostprocessing = 0;
		};
/* End PBXFrameworksBuildPhase section */

/* Begin PBXGroup section */
		603D690405BDE614AB4BE6C7 /* Pods */ = {
			isa = PBXGroup;
			children = (
				D7A798F36447F0377FEE4814 /* Pods-DormRoom.debug.xcconfig */,
				467D6FD297E4D0CB4EB63789 /* Pods-DormRoom.release.xcconfig */,
			);
			name = Pods;
			sourceTree = "<group>";
		};
		A36475501C0BB9F600AC96CA /* ViewControllers */ = {
			isa = PBXGroup;
			children = (
				A32EC6481C0DF71B0004D8C7 /* SignUpRootController.swift */,
				A32EC64A1C0DF7650004D8C7 /* ChooseUniViewController.swift */,
				A32EC64C1C0DF7AC0004D8C7 /* SignUpViewController.swift */,
				A32EC64E1C0DF95F0004D8C7 /* LogInViewController.swift */,
				A32EC6501C0E56980004D8C7 /* MainRootViewController.swift */,
				A32EC6521C0E57550004D8C7 /* MenuViewController.swift */,
				A32EC6541C0E57620004D8C7 /* TakePuffViewController.swift */,
				A32EC6561C0E576D0004D8C7 /* ChangeUniViewController.swift */,
				A32EC6581C0E577F0004D8C7 /* MainPuffViewController.swift */,
			);
			name = ViewControllers;
			sourceTree = "<group>";
		};
		A36475511C0BBA0600AC96CA /* TableViewCells */ = {
			isa = PBXGroup;
			children = (
				A39CBE591C0CF54200D59434 /* ChooseUniCellTableViewCell.swift */,
				A32EC65A1C0E6A610004D8C7 /* PuffTableViewCell.swift */,
				A32EC65C1C0EA0DD0004D8C7 /* ChooseFeedCell.swift */,
				A32EC69F1C0F80C30004D8C7 /* ChangeUniCell.swift */,
			);
			name = TableViewCells;
			sourceTree = "<group>";
		};
		A36475521C0BBA1300AC96CA /* Delegate */ = {
			isa = PBXGroup;
			children = (
				A3F309791C0BB32A002DEADF /* AppDelegate.swift */,
			);
			name = Delegate;
			sourceTree = "<group>";
		};
		A36475531C0BBA2100AC96CA /* Storyboard */ = {
			isa = PBXGroup;
			children = (
				A3F309821C0BB32A002DEADF /* LaunchScreen.storyboard */,
				A3F3097D1C0BB32A002DEADF /* Main.storyboard */,
			);
			name = Storyboard;
			sourceTree = "<group>";
		};
		A36475551C0BBA8D00AC96CA /* Views */ = {
			isa = PBXGroup;
			children = (
				A36475561C0BBAB000AC96CA /* TextFields.swift */,
				A39CBE511C0CE87600D59434 /* RoundedImage.swift */,
				A39CBE551C0CECF800D59434 /* BlackButton.swift */,
				A39CBE571C0CED5400D59434 /* WhiteButton.swift */,
				A32EC69B1C0F4B300004D8C7 /* UniView.swift */,
				A32EC69D1C0F72B20004D8C7 /* SwipeView.swift */,
			);
			name = Views;
			sourceTree = "<group>";
		};
		A36475581C0BBFAF00AC96CA /* BridgingHeaders */ = {
			isa = PBXGroup;
			children = (
				A39CBE601C0D15D200D59434 /* BridgingHeader.m */,
				A39CBE5F1C0D15D200D59434 /* DormRoom-Bridging-Header.h */,
			);
			name = BridgingHeaders;
			sourceTree = "<group>";
		};
		A39CBE621C0D18DC00D59434 /* Extensions */ = {
			isa = PBXGroup;
			children = (
				A39CBE671C0D228C00D59434 /* ImageViewExtension.swift */,
			);
			name = Extensions;
			sourceTree = "<group>";
		};
		A3F3096D1C0BB32A002DEADF = {
			isa = PBXGroup;
			children = (
				A3F309781C0BB32A002DEADF /* DormRoom */,
				A3F3098D1C0BB32A002DEADF /* DormRoomTests */,
				A3F309981C0BB32A002DEADF /* DormRoomUITests */,
				A3F309771C0BB32A002DEADF /* Products */,
				603D690405BDE614AB4BE6C7 /* Pods */,
				A4C3461F16B93E17CC57459F /* Frameworks */,
			);
			sourceTree = "<group>";
		};
		A3F309771C0BB32A002DEADF /* Products */ = {
			isa = PBXGroup;
			children = (
				A3F309761C0BB32A002DEADF /* DormRoom.app */,
				A3F3098A1C0BB32A002DEADF /* DormRoomTests.xctest */,
				A3F309951C0BB32A002DEADF /* DormRoomUITests.xctest */,
			);
			name = Products;
			sourceTree = "<group>";
		};
		A3F309781C0BB32A002DEADF /* DormRoom */ = {
			isa = PBXGroup;
			children = (
				A39CBE621C0D18DC00D59434 /* Extensions */,
				A36475581C0BBFAF00AC96CA /* BridgingHeaders */,
				A36475551C0BBA8D00AC96CA /* Views */,
				A36475531C0BBA2100AC96CA /* Storyboard */,
				A36475521C0BBA1300AC96CA /* Delegate */,
				A36475511C0BBA0600AC96CA /* TableViewCells */,
				A36475501C0BB9F600AC96CA /* ViewControllers */,
				A3F309801C0BB32A002DEADF /* Assets.xcassets */,
				A3F309851C0BB32A002DEADF /* Info.plist */,
			);
			path = DormRoom;
			sourceTree = "<group>";
		};
		A3F3098D1C0BB32A002DEADF /* DormRoomTests */ = {
			isa = PBXGroup;
			children = (
				A3F3098E1C0BB32A002DEADF /* DormRoomTests.swift */,
				A3F309901C0BB32A002DEADF /* Info.plist */,
			);
			path = DormRoomTests;
			sourceTree = "<group>";
		};
		A3F309981C0BB32A002DEADF /* DormRoomUITests */ = {
			isa = PBXGroup;
			children = (
				A3F309991C0BB32A002DEADF /* DormRoomUITests.swift */,
				A3F3099B1C0BB32A002DEADF /* Info.plist */,
			);
			path = DormRoomUITests;
			sourceTree = "<group>";
		};
		A4C3461F16B93E17CC57459F /* Frameworks */ = {
			isa = PBXGroup;
			children = (
				A39CBE5B1C0CFBFF00D59434 /* CoreLocation.framework */,
				F2451B51057A263F932FCF4E /* libPods-DormRoom.a */,
			);
			name = Frameworks;
			sourceTree = "<group>";
		};
/* End PBXGroup section */

/* Begin PBXNativeTarget section */
		A3F309751C0BB32A002DEADF /* DormRoom */ = {
			isa = PBXNativeTarget;
			buildConfigurationList = A3F3099E1C0BB32A002DEADF /* Build configuration list for PBXNativeTarget "DormRoom" */;
			buildPhases = (
				B9DC5DB1D2552C56EAE825F6 /* Check Pods Manifest.lock */,
				A3F309721C0BB32A002DEADF /* Sources */,
				A3F309731C0BB32A002DEADF /* Frameworks */,
				A3F309741C0BB32A002DEADF /* Resources */,
				9A581296982161F1B9E4C053 /* Embed Pods Frameworks */,
				BD268779639066E62B2D9E50 /* Copy Pods Resources */,
			);
			buildRules = (
			);
			dependencies = (
			);
			name = DormRoom;
			productName = DormRoom;
			productReference = A3F309761C0BB32A002DEADF /* DormRoom.app */;
			productType = "com.apple.product-type.application";
		};
		A3F309891C0BB32A002DEADF /* DormRoomTests */ = {
			isa = PBXNativeTarget;
			buildConfigurationList = A3F309A11C0BB32A002DEADF /* Build configuration list for PBXNativeTarget "DormRoomTests" */;
			buildPhases = (
				A3F309861C0BB32A002DEADF /* Sources */,
				A3F309871C0BB32A002DEADF /* Frameworks */,
				A3F309881C0BB32A002DEADF /* Resources */,
			);
			buildRules = (
			);
			dependencies = (
				A3F3098C1C0BB32A002DEADF /* PBXTargetDependency */,
			);
			name = DormRoomTests;
			productName = DormRoomTests;
			productReference = A3F3098A1C0BB32A002DEADF /* DormRoomTests.xctest */;
			productType = "com.apple.product-type.bundle.unit-test";
		};
		A3F309941C0BB32A002DEADF /* DormRoomUITests */ = {
			isa = PBXNativeTarget;
			buildConfigurationList = A3F309A41C0BB32A002DEADF /* Build configuration list for PBXNativeTarget "DormRoomUITests" */;
			buildPhases = (
				A3F309911C0BB32A002DEADF /* Sources */,
				A3F309921C0BB32A002DEADF /* Frameworks */,
				A3F309931C0BB32A002DEADF /* Resources */,
			);
			buildRules = (
			);
			dependencies = (
				A3F309971C0BB32A002DEADF /* PBXTargetDependency */,
			);
			name = DormRoomUITests;
			productName = DormRoomUITests;
			productReference = A3F309951C0BB32A002DEADF /* DormRoomUITests.xctest */;
			productType = "com.apple.product-type.bundle.ui-testing";
		};
/* End PBXNativeTarget section */

/* Begin PBXProject section */
		A3F3096E1C0BB32A002DEADF /* Project object */ = {
			isa = PBXProject;
			attributes = {
				LastSwiftUpdateCheck = 0710;
				LastUpgradeCheck = 0710;
				ORGANIZATIONNAME = "Cina Mehrvar";
				TargetAttributes = {
					A3F309751C0BB32A002DEADF = {
						CreatedOnToolsVersion = 7.1;
					};
					A3F309891C0BB32A002DEADF = {
						CreatedOnToolsVersion = 7.1;
						TestTargetID = A3F309751C0BB32A002DEADF;
					};
					A3F309941C0BB32A002DEADF = {
						CreatedOnToolsVersion = 7.1;
						TestTargetID = A3F309751C0BB32A002DEADF;
					};
				};
			};
			buildConfigurationList = A3F309711C0BB32A002DEADF /* Build configuration list for PBXProject "DormRoom" */;
			compatibilityVersion = "Xcode 3.2";
			developmentRegion = English;
			hasScannedForEncodings = 0;
			knownRegions = (
				en,
				Base,
			);
			mainGroup = A3F3096D1C0BB32A002DEADF;
			productRefGroup = A3F309771C0BB32A002DEADF /* Products */;
			projectDirPath = "";
			projectRoot = "";
			targets = (
				A3F309751C0BB32A002DEADF /* DormRoom */,
				A3F309891C0BB32A002DEADF /* DormRoomTests */,
				A3F309941C0BB32A002DEADF /* DormRoomUITests */,
			);
		};
/* End PBXProject section */

/* Begin PBXResourcesBuildPhase section */
		A3F309741C0BB32A002DEADF /* Resources */ = {
			isa = PBXResourcesBuildPhase;
			buildActionMask = 2147483647;
			files = (
				A3F309841C0BB32A002DEADF /* LaunchScreen.storyboard in Resources */,
				A3F309811C0BB32A002DEADF /* Assets.xcassets in Resources */,
				A3F3097F1C0BB32A002DEADF /* Main.storyboard in Resources */,
			);
			runOnlyForDeploymentPostprocessing = 0;
		};
		A3F309881C0BB32A002DEADF /* Resources */ = {
			isa = PBXResourcesBuildPhase;
			buildActionMask = 2147483647;
			files = (
			);
			runOnlyForDeploymentPostprocessing = 0;
		};
		A3F309931C0BB32A002DEADF /* Resources */ = {
			isa = PBXResourcesBuildPhase;
			buildActionMask = 2147483647;
			files = (
			);
			runOnlyForDeploymentPostprocessing = 0;
		};
/* End PBXResourcesBuildPhase section */

/* Begin PBXShellScriptBuildPhase section */
		9A581296982161F1B9E4C053 /* Embed Pods Frameworks */ = {
			isa = PBXShellScriptBuildPhase;
			buildActionMask = 2147483647;
			files = (
			);
			inputPaths = (
			);
			name = "Embed Pods Frameworks";
			outputPaths = (
			);
			runOnlyForDeploymentPostprocessing = 0;
			shellPath = /bin/sh;
			shellScript = "\"${SRCROOT}/Pods/Target Support Files/Pods-DormRoom/Pods-DormRoom-frameworks.sh\"\n";
			showEnvVarsInLog = 0;
		};
		B9DC5DB1D2552C56EAE825F6 /* Check Pods Manifest.lock */ = {
			isa = PBXShellScriptBuildPhase;
			buildActionMask = 2147483647;
			files = (
			);
			inputPaths = (
			);
			name = "Check Pods Manifest.lock";
			outputPaths = (
			);
			runOnlyForDeploymentPostprocessing = 0;
			shellPath = /bin/sh;
			shellScript = "diff \"${PODS_ROOT}/../Podfile.lock\" \"${PODS_ROOT}/Manifest.lock\" > /dev/null\nif [[ $? != 0 ]] ; then\n    cat << EOM\nerror: The sandbox is not in sync with the Podfile.lock. Run 'pod install' or update your CocoaPods installation.\nEOM\n    exit 1\nfi\n";
			showEnvVarsInLog = 0;
		};
		BD268779639066E62B2D9E50 /* Copy Pods Resources */ = {
			isa = PBXShellScriptBuildPhase;
			buildActionMask = 2147483647;
			files = (
			);
			inputPaths = (
			);
			name = "Copy Pods Resources";
			outputPaths = (
			);
			runOnlyForDeploymentPostprocessing = 0;
			shellPath = /bin/sh;
			shellScript = "\"${SRCROOT}/Pods/Target Support Files/Pods-DormRoom/Pods-DormRoom-resources.sh\"\n";
			showEnvVarsInLog = 0;
		};
/* End PBXShellScriptBuildPhase section */

/* Begin PBXSourcesBuildPhase section */
		A3F309721C0BB32A002DEADF /* Sources */ = {
			isa = PBXSourcesBuildPhase;
			buildActionMask = 2147483647;
			files = (
				A32EC64D1C0DF7AC0004D8C7 /* SignUpViewController.swift in Sources */,
				A39CBE521C0CE87700D59434 /* RoundedImage.swift in Sources */,
				A3F3097A1C0BB32A002DEADF /* AppDelegate.swift in Sources */,
				A32EC69E1C0F72B20004D8C7 /* SwipeView.swift in Sources */,
				A32EC6591C0E577F0004D8C7 /* MainPuffViewController.swift in Sources */,
				A32EC6531C0E57550004D8C7 /* MenuViewController.swift in Sources */,
				A32EC6A01C0F80C30004D8C7 /* ChangeUniCell.swift in Sources */,
				A39CBE611C0D15D200D59434 /* BridgingHeader.m in Sources */,
				A39CBE5A1C0CF54200D59434 /* ChooseUniCellTableViewCell.swift in Sources */,
				A32EC64B1C0DF7650004D8C7 /* ChooseUniViewController.swift in Sources */,
				A32EC65D1C0EA0DD0004D8C7 /* ChooseFeedCell.swift in Sources */,
				A32EC6511C0E56980004D8C7 /* MainRootViewController.swift in Sources */,
				A32EC6491C0DF71B0004D8C7 /* SignUpRootController.swift in Sources */,
				A32EC6571C0E576D0004D8C7 /* ChangeUniViewController.swift in Sources */,
				A36475571C0BBAB000AC96CA /* TextFields.swift in Sources */,
				A32EC65B1C0E6A610004D8C7 /* PuffTableViewCell.swift in Sources */,
				A32EC64F1C0DF95F0004D8C7 /* LogInViewController.swift in Sources */,
				A39CBE561C0CECF800D59434 /* BlackButton.swift in Sources */,
				A32EC6551C0E57620004D8C7 /* TakePuffViewController.swift in Sources */,
				A39CBE581C0CED5400D59434 /* WhiteButton.swift in Sources */,
				A39CBE681C0D228C00D59434 /* ImageViewExtension.swift in Sources */,
				A32EC69C1C0F4B300004D8C7 /* UniView.swift in Sources */,
			);
			runOnlyForDeploymentPostprocessing = 0;
		};
		A3F309861C0BB32A002DEADF /* Sources */ = {
			isa = PBXSourcesBuildPhase;
			buildActionMask = 2147483647;
			files = (
				A3F3098F1C0BB32A002DEADF /* DormRoomTests.swift in Sources */,
			);
			runOnlyForDeploymentPostprocessing = 0;
		};
		A3F309911C0BB32A002DEADF /* Sources */ = {
			isa = PBXSourcesBuildPhase;
			buildActionMask = 2147483647;
			files = (
				A3F3099A1C0BB32A002DEADF /* DormRoomUITests.swift in Sources */,
			);
			runOnlyForDeploymentPostprocessing = 0;
		};
/* End PBXSourcesBuildPhase section */

/* Begin PBXTargetDependency section */
		A3F3098C1C0BB32A002DEADF /* PBXTargetDependency */ = {
			isa = PBXTargetDependency;
			target = A3F309751C0BB32A002DEADF /* DormRoom */;
			targetProxy = A3F3098B1C0BB32A002DEADF /* PBXContainerItemProxy */;
		};
		A3F309971C0BB32A002DEADF /* PBXTargetDependency */ = {
			isa = PBXTargetDependency;
			target = A3F309751C0BB32A002DEADF /* DormRoom */;
			targetProxy = A3F309961C0BB32A002DEADF /* PBXContainerItemProxy */;
		};
/* End PBXTargetDependency section */

/* Begin PBXVariantGroup section */
		A3F3097D1C0BB32A002DEADF /* Main.storyboard */ = {
			isa = PBXVariantGroup;
			children = (
				A3F3097E1C0BB32A002DEADF /* Base */,
			);
			name = Main.storyboard;
			sourceTree = "<group>";
		};
		A3F309821C0BB32A002DEADF /* LaunchScreen.storyboard */ = {
			isa = PBXVariantGroup;
			children = (
				A3F309831C0BB32A002DEADF /* Base */,
			);
			name = LaunchScreen.storyboard;
			sourceTree = "<group>";
		};
/* End PBXVariantGroup section */

/* Begin XCBuildConfiguration section */
		A3F3099C1C0BB32A002DEADF /* Debug */ = {
			isa = XCBuildConfiguration;
			buildSettings = {
				ALWAYS_SEARCH_USER_PATHS = NO;
				CLANG_CXX_LANGUAGE_STANDARD = "gnu++0x";
				CLANG_CXX_LIBRARY = "libc++";
				CLANG_ENABLE_MODULES = YES;
				CLANG_ENABLE_OBJC_ARC = YES;
				CLANG_WARN_BOOL_CONVERSION = YES;
				CLANG_WARN_CONSTANT_CONVERSION = YES;
				CLANG_WARN_DIRECT_OBJC_ISA_USAGE = YES_ERROR;
				CLANG_WARN_EMPTY_BODY = YES;
				CLANG_WARN_ENUM_CONVERSION = YES;
				CLANG_WARN_INT_CONVERSION = YES;
				CLANG_WARN_OBJC_ROOT_CLASS = YES_ERROR;
				CLANG_WARN_UNREACHABLE_CODE = YES;
				CLANG_WARN__DUPLICATE_METHOD_MATCH = YES;
				"CODE_SIGN_IDENTITY[sdk=iphoneos*]" = "iPhone Developer";
				COPY_PHASE_STRIP = NO;
				DEBUG_INFORMATION_FORMAT = dwarf;
				ENABLE_STRICT_OBJC_MSGSEND = YES;
				ENABLE_TESTABILITY = YES;
				GCC_C_LANGUAGE_STANDARD = gnu99;
				GCC_DYNAMIC_NO_PIC = NO;
				GCC_NO_COMMON_BLOCKS = YES;
				GCC_OPTIMIZATION_LEVEL = 0;
				GCC_PREPROCESSOR_DEFINITIONS = (
					"DEBUG=1",
					"$(inherited)",
				);
				GCC_WARN_64_TO_32_BIT_CONVERSION = YES;
				GCC_WARN_ABOUT_RETURN_TYPE = YES_ERROR;
				GCC_WARN_UNDECLARED_SELECTOR = YES;
				GCC_WARN_UNINITIALIZED_AUTOS = YES_AGGRESSIVE;
				GCC_WARN_UNUSED_FUNCTION = YES;
				GCC_WARN_UNUSED_VARIABLE = YES;
				IPHONEOS_DEPLOYMENT_TARGET = 9.1;
				MTL_ENABLE_DEBUG_INFO = YES;
				ONLY_ACTIVE_ARCH = YES;
				SDKROOT = iphoneos;
				SWIFT_OPTIMIZATION_LEVEL = "-Onone";
				TARGETED_DEVICE_FAMILY = "1,2";
			};
			name = Debug;
		};
		A3F3099D1C0BB32A002DEADF /* Release */ = {
			isa = XCBuildConfiguration;
			buildSettings = {
				ALWAYS_SEARCH_USER_PATHS = NO;
				CLANG_CXX_LANGUAGE_STANDARD = "gnu++0x";
				CLANG_CXX_LIBRARY = "libc++";
				CLANG_ENABLE_MODULES = YES;
				CLANG_ENABLE_OBJC_ARC = YES;
				CLANG_WARN_BOOL_CONVERSION = YES;
				CLANG_WARN_CONSTANT_CONVERSION = YES;
				CLANG_WARN_DIRECT_OBJC_ISA_USAGE = YES_ERROR;
				CLANG_WARN_EMPTY_BODY = YES;
				CLANG_WARN_ENUM_CONVERSION = YES;
				CLANG_WARN_INT_CONVERSION = YES;
				CLANG_WARN_OBJC_ROOT_CLASS = YES_ERROR;
				CLANG_WARN_UNREACHABLE_CODE = YES;
				CLANG_WARN__DUPLICATE_METHOD_MATCH = YES;
				"CODE_SIGN_IDENTITY[sdk=iphoneos*]" = "iPhone Developer";
				COPY_PHASE_STRIP = NO;
				DEBUG_INFORMATION_FORMAT = "dwarf-with-dsym";
				ENABLE_NS_ASSERTIONS = NO;
				ENABLE_STRICT_OBJC_MSGSEND = YES;
				GCC_C_LANGUAGE_STANDARD = gnu99;
				GCC_NO_COMMON_BLOCKS = YES;
				GCC_WARN_64_TO_32_BIT_CONVERSION = YES;
				GCC_WARN_ABOUT_RETURN_TYPE = YES_ERROR;
				GCC_WARN_UNDECLARED_SELECTOR = YES;
				GCC_WARN_UNINITIALIZED_AUTOS = YES_AGGRESSIVE;
				GCC_WARN_UNUSED_FUNCTION = YES;
				GCC_WARN_UNUSED_VARIABLE = YES;
				IPHONEOS_DEPLOYMENT_TARGET = 9.1;
				MTL_ENABLE_DEBUG_INFO = NO;
				SDKROOT = iphoneos;
				TARGETED_DEVICE_FAMILY = "1,2";
				VALIDATE_PRODUCT = YES;
			};
			name = Release;
		};
		A3F3099F1C0BB32A002DEADF /* Debug */ = {
			isa = XCBuildConfiguration;
			baseConfigurationReference = D7A798F36447F0377FEE4814 /* Pods-DormRoom.debug.xcconfig */;
			buildSettings = {
				ASSETCATALOG_COMPILER_APPICON_NAME = AppIcon;
				CLANG_ENABLE_MODULES = YES;
				INFOPLIST_FILE = DormRoom/Info.plist;
				IPHONEOS_DEPLOYMENT_TARGET = 8.0;
				LD_RUNPATH_SEARCH_PATHS = "$(inherited) @executable_path/Frameworks";
				PRODUCT_BUNDLE_IDENTIFIER = DormRoom.DormRoom;
				PRODUCT_NAME = "$(TARGET_NAME)";
				SWIFT_OBJC_BRIDGING_HEADER = "DormRoom/DormRoom-Bridging-Header.h";
				SWIFT_OPTIMIZATION_LEVEL = "-Onone";
			};
			name = Debug;
		};
		A3F309A01C0BB32A002DEADF /* Release */ = {
			isa = XCBuildConfiguration;
			baseConfigurationReference = 467D6FD297E4D0CB4EB63789 /* Pods-DormRoom.release.xcconfig */;
			buildSettings = {
				ASSETCATALOG_COMPILER_APPICON_NAME = AppIcon;
				CLANG_ENABLE_MODULES = YES;
				INFOPLIST_FILE = DormRoom/Info.plist;
				IPHONEOS_DEPLOYMENT_TARGET = 8.0;
				LD_RUNPATH_SEARCH_PATHS = "$(inherited) @executable_path/Frameworks";
				PRODUCT_BUNDLE_IDENTIFIER = DormRoom.DormRoom;
				PRODUCT_NAME = "$(TARGET_NAME)";
				SWIFT_OBJC_BRIDGING_HEADER = "DormRoom/DormRoom-Bridging-Header.h";
			};
			name = Release;
		};
		A3F309A21C0BB32A002DEADF /* Debug */ = {
			isa = XCBuildConfiguration;
			buildSettings = {
				BUNDLE_LOADER = "$(TEST_HOST)";
				INFOPLIST_FILE = DormRoomTests/Info.plist;
				LD_RUNPATH_SEARCH_PATHS = "$(inherited) @executable_path/Frameworks @loader_path/Frameworks";
				PRODUCT_BUNDLE_IDENTIFIER = DormRoom.DormRoomTests;
				PRODUCT_NAME = "$(TARGET_NAME)";
				TEST_HOST = "$(BUILT_PRODUCTS_DIR)/DormRoom.app/DormRoom";
			};
			name = Debug;
		};
		A3F309A31C0BB32A002DEADF /* Release */ = {
			isa = XCBuildConfiguration;
			buildSettings = {
				BUNDLE_LOADER = "$(TEST_HOST)";
				INFOPLIST_FILE = DormRoomTests/Info.plist;
				LD_RUNPATH_SEARCH_PATHS = "$(inherited) @executable_path/Frameworks @loader_path/Frameworks";
				PRODUCT_BUNDLE_IDENTIFIER = DormRoom.DormRoomTests;
				PRODUCT_NAME = "$(TARGET_NAME)";
				TEST_HOST = "$(BUILT_PRODUCTS_DIR)/DormRoom.app/DormRoom";
			};
			name = Release;
		};
		A3F309A51C0BB32A002DEADF /* Debug */ = {
			isa = XCBuildConfiguration;
			buildSettings = {
				INFOPLIST_FILE = DormRoomUITests/Info.plist;
				LD_RUNPATH_SEARCH_PATHS = "$(inherited) @executable_path/Frameworks @loader_path/Frameworks";
				PRODUCT_BUNDLE_IDENTIFIER = DormRoom.DormRoomUITests;
				PRODUCT_NAME = "$(TARGET_NAME)";
				TEST_TARGET_NAME = DormRoom;
				USES_XCTRUNNER = YES;
			};
			name = Debug;
		};
		A3F309A61C0BB32A002DEADF /* Release */ = {
			isa = XCBuildConfiguration;
			buildSettings = {
				INFOPLIST_FILE = DormRoomUITests/Info.plist;
				LD_RUNPATH_SEARCH_PATHS = "$(inherited) @executable_path/Frameworks @loader_path/Frameworks";
				PRODUCT_BUNDLE_IDENTIFIER = DormRoom.DormRoomUITests;
				PRODUCT_NAME = "$(TARGET_NAME)";
				TEST_TARGET_NAME = DormRoom;
				USES_XCTRUNNER = YES;
			};
			name = Release;
		};
/* End XCBuildConfiguration section */

/* Begin XCConfigurationList section */
		A3F309711C0BB32A002DEADF /* Build configuration list for PBXProject "DormRoom" */ = {
			isa = XCConfigurationList;
			buildConfigurations = (
				A3F3099C1C0BB32A002DEADF /* Debug */,
				A3F3099D1C0BB32A002DEADF /* Release */,
			);
			defaultConfigurationIsVisible = 0;
			defaultConfigurationName = Release;
		};
		A3F3099E1C0BB32A002DEADF /* Build configuration list for PBXNativeTarget "DormRoom" */ = {
			isa = XCConfigurationList;
			buildConfigurations = (
				A3F3099F1C0BB32A002DEADF /* Debug */,
				A3F309A01C0BB32A002DEADF /* Release */,
			);
			defaultConfigurationIsVisible = 0;
			defaultConfigurationName = Release;
		};
		A3F309A11C0BB32A002DEADF /* Build configuration list for PBXNativeTarget "DormRoomTests" */ = {
			isa = XCConfigurationList;
			buildConfigurations = (
				A3F309A21C0BB32A002DEADF /* Debug */,
				A3F309A31C0BB32A002DEADF /* Release */,
			);
			defaultConfigurationIsVisible = 0;
			defaultConfigurationName = Release;
		};
		A3F309A41C0BB32A002DEADF /* Build configuration list for PBXNativeTarget "DormRoomUITests" */ = {
			isa = XCConfigurationList;
			buildConfigurations = (
				A3F309A51C0BB32A002DEADF /* Debug */,
				A3F309A61C0BB32A002DEADF /* Release */,
			);
			defaultConfigurationIsVisible = 0;
			defaultConfigurationName = Release;
		};
/* End XCConfigurationList section */
	};
	rootObject = A3F3096E1C0BB32A002DEADF /* Project object */;
}
